<?xml version="1.0" encoding="UTF-8"?>
<!DOCTYPE plist PUBLIC "-//Apple//DTD PLIST 1.0//EN" "http://www.apple.com/DTDs/PropertyList-1.0.dtd">
<plist version="1.0">
<dict>
	<key>archiveVersion</key>
	<string>1</string>
	<key>classes</key>
	<dict/>
	<key>objectVersion</key>
	<string>46</string>
	<key>objects</key>
	<dict>
		<key>19EA3BF850C248449BC4E0B8</key>
		<dict>
			<key>explicitFileType</key>
			<string>archive.ar</string>
			<key>includeInIndex</key>
			<string>0</string>
			<key>isa</key>
			<string>PBXFileReference</string>
			<key>path</key>
			<string>libPods.a</string>
			<key>sourceTree</key>
			<string>BUILT_PRODUCTS_DIR</string>
		</dict>
		<key>23520A08CCD44AC8B51517B1</key>
		<dict>
			<key>buildActionMask</key>
			<string>2147483647</string>
			<key>files</key>
			<array/>
			<key>inputPaths</key>
			<array/>
			<key>isa</key>
			<string>PBXShellScriptBuildPhase</string>
			<key>name</key>
			<string>Check Pods Manifest.lock</string>
			<key>outputPaths</key>
			<array/>
			<key>runOnlyForDeploymentPostprocessing</key>
			<string>0</string>
			<key>shellPath</key>
			<string>/bin/sh</string>
			<key>shellScript</key>
			<string>diff "${PODS_ROOT}/../Podfile.lock" "${PODS_ROOT}/Manifest.lock" &gt; /dev/null
if [[ $? != 0 ]] ; then
    cat &lt;&lt; EOM
error: The sandbox is not in sync with the Podfile.lock. Run 'pod install' or update your CocoaPods installation.
EOM
    exit 1
fi
</string>
			<key>showEnvVarsInLog</key>
			<string>0</string>
		</dict>
		<key>2E00559B1754C2AB0098A8DD</key>
		<dict>
			<key>fileEncoding</key>
			<string>4</string>
			<key>isa</key>
			<string>PBXFileReference</string>
			<key>lastKnownFileType</key>
			<string>sourcecode.c.h</string>
			<key>path</key>
			<string>NSString+Hashing.h</string>
			<key>sourceTree</key>
			<string>&lt;group&gt;</string>
		</dict>
		<key>2E00559C1754C2AB0098A8DD</key>
		<dict>
			<key>fileEncoding</key>
			<string>4</string>
			<key>isa</key>
			<string>PBXFileReference</string>
			<key>lastKnownFileType</key>
			<string>sourcecode.c.objc</string>
			<key>path</key>
			<string>NSString+Hashing.m</string>
			<key>sourceTree</key>
			<string>&lt;group&gt;</string>
		</dict>
		<key>2E00559D1754C2AB0098A8DD</key>
		<dict>
			<key>fileRef</key>
			<string>2E00559C1754C2AB0098A8DD</string>
			<key>isa</key>
			<string>PBXBuildFile</string>
		</dict>
		<key>2E00559E1754C95D0098A8DD</key>
		<dict>
			<key>isa</key>
			<string>PBXFileReference</string>
			<key>lastKnownFileType</key>
			<string>sourcecode.c.h</string>
			<key>path</key>
			<string>Constants.h</string>
			<key>sourceTree</key>
			<string>&lt;group&gt;</string>
		</dict>
		<key>2E127F6F17F0CC2B00F2318E</key>
		<dict>
			<key>isa</key>
			<string>PBXFileReference</string>
			<key>lastKnownFileType</key>
			<string>folder.assetcatalog</string>
			<key>path</key>
			<string>Images.xcassets</string>
			<key>sourceTree</key>
			<string>&lt;group&gt;</string>
		</dict>
		<key>2E127F7017F0CC2B00F2318E</key>
		<dict>
			<key>fileRef</key>
			<string>2E127F6F17F0CC2B00F2318E</string>
			<key>isa</key>
			<string>PBXBuildFile</string>
		</dict>
		<key>2E127F7117F0EE5900F2318E</key>
		<dict>
			<key>isa</key>
			<string>PBXFileReference</string>
			<key>lastKnownFileType</key>
			<string>wrapper.framework</string>
			<key>name</key>
			<string>CoreText.framework</string>
			<key>path</key>
			<string>System/Library/Frameworks/CoreText.framework</string>
			<key>sourceTree</key>
			<string>SDKROOT</string>
		</dict>
		<key>2E127F7217F0EE5900F2318E</key>
		<dict>
			<key>fileRef</key>
			<string>2E127F7117F0EE5900F2318E</string>
			<key>isa</key>
			<string>PBXBuildFile</string>
		</dict>
		<key>2E1992A517F74A3F00C1CD4B</key>
		<dict>
			<key>fileEncoding</key>
			<string>4</string>
			<key>isa</key>
			<string>PBXFileReference</string>
			<key>lastKnownFileType</key>
			<string>text</string>
			<key>path</key>
			<string>default</string>
			<key>sourceTree</key>
			<string>&lt;group&gt;</string>
		</dict>
		<key>2E1992A617F74A3F00C1CD4B</key>
		<dict>
			<key>fileRef</key>
			<string>2E1992A517F74A3F00C1CD4B</string>
			<key>isa</key>
			<string>PBXBuildFile</string>
		</dict>
		<key>2E1992A717F75ECF00C1CD4B</key>
		<dict>
			<key>isa</key>
			<string>PBXFileReference</string>
			<key>lastKnownFileType</key>
			<string>wrapper.framework</string>
			<key>name</key>
			<string>StoreKit.framework</string>
			<key>path</key>
			<string>System/Library/Frameworks/StoreKit.framework</string>
			<key>sourceTree</key>
			<string>SDKROOT</string>
		</dict>
		<key>2E1992A817F75ECF00C1CD4B</key>
		<dict>
			<key>fileRef</key>
			<string>2E1992A717F75ECF00C1CD4B</string>
			<key>isa</key>
			<string>PBXBuildFile</string>
		</dict>
		<key>2E37E7151748C71A004FBEF0</key>
		<dict>
			<key>children</key>
			<array>
				<string>2EBECB51173EE05100C21E7B</string>
				<string>2EBECB52173EE05100C21E7B</string>
				<string>2EBECB4F173EDC5700C21E7B</string>
				<string>2EB2785F173F969A00726890</string>
				<string>2EB27860173F969A00726890</string>
				<string>2EB27862173F998400726890</string>
			</array>
			<key>isa</key>
			<string>PBXGroup</string>
			<key>name</key>
			<string>Cells</string>
			<key>sourceTree</key>
			<string>&lt;group&gt;</string>
		</dict>
		<key>2E43963B173EA6CD0009C422</key>
		<dict>
			<key>isa</key>
			<string>PBXFileReference</string>
			<key>lastKnownFileType</key>
			<string>wrapper.framework</string>
			<key>name</key>
			<string>iAd.framework</string>
			<key>path</key>
			<string>System/Library/Frameworks/iAd.framework</string>
			<key>sourceTree</key>
			<string>SDKROOT</string>
		</dict>
		<key>2E43963C173EA6CD0009C422</key>
		<dict>
			<key>fileRef</key>
			<string>2E43963B173EA6CD0009C422</string>
			<key>isa</key>
			<string>PBXBuildFile</string>
		</dict>
		<key>2EA6D5C517F712E100D5D358</key>
		<dict>
			<key>children</key>
			<array>
				<string>2EA6D5C617F712F300D5D358</string>
				<string>2EA6D5C717F712F300D5D358</string>
				<string>2EA6D5C817F712F300D5D358</string>
				<string>2EA6D5C917F712F300D5D358</string>
			</array>
			<key>isa</key>
			<string>PBXGroup</string>
			<key>name</key>
			<string>Additions</string>
			<key>sourceTree</key>
			<string>&lt;group&gt;</string>
		</dict>
		<key>2EA6D5C617F712F300D5D358</key>
		<dict>
			<key>fileEncoding</key>
			<string>4</string>
			<key>isa</key>
			<string>PBXFileReference</string>
			<key>lastKnownFileType</key>
			<string>sourcecode.c.h</string>
			<key>path</key>
			<string>cipher.h</string>
			<key>sourceTree</key>
			<string>&lt;group&gt;</string>
		</dict>
		<key>2EA6D5C717F712F300D5D358</key>
		<dict>
			<key>fileEncoding</key>
			<string>4</string>
			<key>isa</key>
			<string>PBXFileReference</string>
			<key>lastKnownFileType</key>
			<string>sourcecode.c.objc</string>
			<key>path</key>
			<string>cipher.m</string>
			<key>sourceTree</key>
			<string>&lt;group&gt;</string>
		</dict>
		<key>2EA6D5C817F712F300D5D358</key>
		<dict>
			<key>fileEncoding</key>
			<string>4</string>
			<key>isa</key>
			<string>PBXFileReference</string>
			<key>lastKnownFileType</key>
			<string>sourcecode.c.h</string>
			<key>path</key>
			<string>NSData+AES.h</string>
			<key>sourceTree</key>
			<string>&lt;group&gt;</string>
		</dict>
		<key>2EA6D5C917F712F300D5D358</key>
		<dict>
			<key>fileEncoding</key>
			<string>4</string>
			<key>isa</key>
			<string>PBXFileReference</string>
			<key>lastKnownFileType</key>
			<string>sourcecode.c.objc</string>
			<key>path</key>
			<string>NSData+AES.m</string>
			<key>sourceTree</key>
			<string>&lt;group&gt;</string>
		</dict>
		<key>2EA6D5CA17F712F300D5D358</key>
		<dict>
			<key>fileRef</key>
			<string>2EA6D5C717F712F300D5D358</string>
			<key>isa</key>
			<string>PBXBuildFile</string>
		</dict>
		<key>2EA6D5CB17F712F300D5D358</key>
		<dict>
			<key>fileRef</key>
			<string>2EA6D5C917F712F300D5D358</string>
			<key>isa</key>
			<string>PBXBuildFile</string>
		</dict>
		<key>2EB2785F173F969A00726890</key>
		<dict>
			<key>fileEncoding</key>
			<string>4</string>
			<key>isa</key>
			<string>PBXFileReference</string>
			<key>lastKnownFileType</key>
			<string>sourcecode.c.h</string>
			<key>path</key>
			<string>BuyTipCell.h</string>
			<key>sourceTree</key>
			<string>&lt;group&gt;</string>
		</dict>
		<key>2EB27860173F969A00726890</key>
		<dict>
			<key>fileEncoding</key>
			<string>4</string>
			<key>isa</key>
			<string>PBXFileReference</string>
			<key>lastKnownFileType</key>
			<string>sourcecode.c.objc</string>
			<key>path</key>
			<string>BuyTipCell.m</string>
			<key>sourceTree</key>
			<string>&lt;group&gt;</string>
		</dict>
		<key>2EB27861173F969A00726890</key>
		<dict>
			<key>fileRef</key>
			<string>2EB27860173F969A00726890</string>
			<key>isa</key>
			<string>PBXBuildFile</string>
		</dict>
		<key>2EB27862173F998400726890</key>
		<dict>
			<key>fileEncoding</key>
			<string>4</string>
			<key>isa</key>
			<string>PBXFileReference</string>
			<key>lastKnownFileType</key>
			<string>file.xib</string>
			<key>path</key>
			<string>BuyTipCell.xib</string>
			<key>sourceTree</key>
			<string>&lt;group&gt;</string>
		</dict>
		<key>2EB27863173F998400726890</key>
		<dict>
			<key>fileRef</key>
			<string>2EB27862173F998400726890</string>
			<key>isa</key>
			<string>PBXBuildFile</string>
		</dict>
		<key>2EBECB4F173EDC5700C21E7B</key>
		<dict>
			<key>fileEncoding</key>
			<string>4</string>
			<key>isa</key>
			<string>PBXFileReference</string>
			<key>lastKnownFileType</key>
			<string>file.xib</string>
			<key>path</key>
			<string>TipCell.xib</string>
			<key>sourceTree</key>
			<string>&lt;group&gt;</string>
		</dict>
		<key>2EBECB50173EDC5700C21E7B</key>
		<dict>
			<key>fileRef</key>
			<string>2EBECB4F173EDC5700C21E7B</string>
			<key>isa</key>
			<string>PBXBuildFile</string>
		</dict>
		<key>2EBECB51173EE05100C21E7B</key>
		<dict>
			<key>fileEncoding</key>
			<string>4</string>
			<key>isa</key>
			<string>PBXFileReference</string>
			<key>lastKnownFileType</key>
			<string>sourcecode.c.h</string>
			<key>path</key>
			<string>TipCell.h</string>
			<key>sourceTree</key>
			<string>&lt;group&gt;</string>
		</dict>
		<key>2EBECB52173EE05100C21E7B</key>
		<dict>
			<key>fileEncoding</key>
			<string>4</string>
			<key>isa</key>
			<string>PBXFileReference</string>
			<key>lastKnownFileType</key>
			<string>sourcecode.c.objc</string>
			<key>path</key>
			<string>TipCell.m</string>
			<key>sourceTree</key>
			<string>&lt;group&gt;</string>
		</dict>
		<key>2EBECB53173EE05100C21E7B</key>
		<dict>
			<key>fileRef</key>
			<string>2EBECB52173EE05100C21E7B</string>
			<key>isa</key>
			<string>PBXBuildFile</string>
		</dict>
		<key>2ED9D410174C0ED10088287B</key>
		<dict>
			<key>children</key>
			<array>
				<string>C768AF8817524272000CD2EC</string>
				<string>2ED9D421174C14F80088287B</string>
				<string>2ED9D41C174C13500088287B</string>
				<string>2E127F6F17F0CC2B00F2318E</string>
			</array>
			<key>isa</key>
			<string>PBXGroup</string>
			<key>name</key>
			<string>Images</string>
			<key>sourceTree</key>
			<string>&lt;group&gt;</string>
		</dict>
		<key>2ED9D418174C12F90088287B</key>
		<dict>
			<key>isa</key>
			<string>PBXFileReference</string>
			<key>lastKnownFileType</key>
			<string>image.png</string>
			<key>path</key>
			<string>Logo.png</string>
			<key>sourceTree</key>
			<string>&lt;group&gt;</string>
		</dict>
		<key>2ED9D419174C12F90088287B</key>
		<dict>
			<key>isa</key>
			<string>PBXFileReference</string>
			<key>lastKnownFileType</key>
			<string>image.png</string>
			<key>path</key>
			<string>Logo@2x.png</string>
			<key>sourceTree</key>
			<string>&lt;group&gt;</string>
		</dict>
		<key>2ED9D41A174C12F90088287B</key>
		<dict>
			<key>fileRef</key>
			<string>2ED9D418174C12F90088287B</string>
			<key>isa</key>
			<string>PBXBuildFile</string>
		</dict>
		<key>2ED9D41B174C12F90088287B</key>
		<dict>
			<key>fileRef</key>
			<string>2ED9D419174C12F90088287B</string>
			<key>isa</key>
			<string>PBXBuildFile</string>
		</dict>
		<key>2ED9D41C174C13500088287B</key>
		<dict>
			<key>children</key>
			<array>
				<string>2ED9D418174C12F90088287B</string>
				<string>2ED9D419174C12F90088287B</string>
				<string>2ED9D41D174C138F0088287B</string>
				<string>2ED9D41E174C138F0088287B</string>
			</array>
			<key>isa</key>
			<string>PBXGroup</string>
			<key>name</key>
			<string>Loading Screen</string>
			<key>sourceTree</key>
			<string>&lt;group&gt;</string>
		</dict>
		<key>2ED9D41D174C138F0088287B</key>
		<dict>
			<key>isa</key>
			<string>PBXFileReference</string>
			<key>lastKnownFileType</key>
			<string>image.png</string>
			<key>path</key>
			<string>SexyImage.png</string>
			<key>sourceTree</key>
			<string>&lt;group&gt;</string>
		</dict>
		<key>2ED9D41E174C138F0088287B</key>
		<dict>
			<key>isa</key>
			<string>PBXFileReference</string>
			<key>lastKnownFileType</key>
			<string>image.png</string>
			<key>path</key>
			<string>SexyImage@2x.png</string>
			<key>sourceTree</key>
			<string>&lt;group&gt;</string>
		</dict>
		<key>2ED9D41F174C138F0088287B</key>
		<dict>
			<key>fileRef</key>
			<string>2ED9D41D174C138F0088287B</string>
			<key>isa</key>
			<string>PBXBuildFile</string>
		</dict>
		<key>2ED9D420174C138F0088287B</key>
		<dict>
			<key>fileRef</key>
			<string>2ED9D41E174C138F0088287B</string>
			<key>isa</key>
			<string>PBXBuildFile</string>
		</dict>
		<key>2ED9D421174C14F80088287B</key>
		<dict>
			<key>children</key>
			<array>
				<string>2ED9D422174C15340088287B</string>
				<string>2ED9D423174C15340088287B</string>
				<string>2ED9D426174C155E0088287B</string>
				<string>2ED9D427174C155E0088287B</string>
			</array>
			<key>isa</key>
			<string>PBXGroup</string>
			<key>name</key>
			<string>Button</string>
			<key>sourceTree</key>
			<string>&lt;group&gt;</string>
		</dict>
		<key>2ED9D422174C15340088287B</key>
		<dict>
			<key>isa</key>
			<string>PBXFileReference</string>
			<key>lastKnownFileType</key>
			<string>image.png</string>
			<key>path</key>
			<string>ButtonNormal.png</string>
			<key>sourceTree</key>
			<string>&lt;group&gt;</string>
		</dict>
		<key>2ED9D423174C15340088287B</key>
		<dict>
			<key>isa</key>
			<string>PBXFileReference</string>
			<key>lastKnownFileType</key>
			<string>image.png</string>
			<key>path</key>
			<string>ButtonNormal@2x.png</string>
			<key>sourceTree</key>
			<string>&lt;group&gt;</string>
		</dict>
		<key>2ED9D424174C15340088287B</key>
		<dict>
			<key>fileRef</key>
			<string>2ED9D422174C15340088287B</string>
			<key>isa</key>
			<string>PBXBuildFile</string>
		</dict>
		<key>2ED9D425174C15340088287B</key>
		<dict>
			<key>fileRef</key>
			<string>2ED9D423174C15340088287B</string>
			<key>isa</key>
			<string>PBXBuildFile</string>
		</dict>
		<key>2ED9D426174C155E0088287B</key>
		<dict>
			<key>isa</key>
			<string>PBXFileReference</string>
			<key>lastKnownFileType</key>
			<string>image.png</string>
			<key>path</key>
			<string>ButtonSelected.png</string>
			<key>sourceTree</key>
			<string>&lt;group&gt;</string>
		</dict>
		<key>2ED9D427174C155E0088287B</key>
		<dict>
			<key>isa</key>
			<string>PBXFileReference</string>
			<key>lastKnownFileType</key>
			<string>image.png</string>
			<key>path</key>
			<string>ButtonSelected@2x.png</string>
			<key>sourceTree</key>
			<string>&lt;group&gt;</string>
		</dict>
		<key>2ED9D428174C155E0088287B</key>
		<dict>
			<key>fileRef</key>
			<string>2ED9D426174C155E0088287B</string>
			<key>isa</key>
			<string>PBXBuildFile</string>
		</dict>
		<key>2ED9D429174C155E0088287B</key>
		<dict>
			<key>fileRef</key>
			<string>2ED9D427174C155E0088287B</string>
			<key>isa</key>
			<string>PBXBuildFile</string>
		</dict>
		<key>2EEBC81B17538BE70039186C</key>
		<dict>
			<key>fileEncoding</key>
			<string>4</string>
			<key>isa</key>
			<string>PBXFileReference</string>
			<key>lastKnownFileType</key>
			<string>sourcecode.c.h</string>
			<key>path</key>
			<string>CommunicationManager.h</string>
			<key>sourceTree</key>
			<string>&lt;group&gt;</string>
		</dict>
		<key>2EEBC81C17538BE70039186C</key>
		<dict>
			<key>fileEncoding</key>
			<string>4</string>
			<key>isa</key>
			<string>PBXFileReference</string>
			<key>lastKnownFileType</key>
			<string>sourcecode.c.objc</string>
			<key>path</key>
			<string>CommunicationManager.m</string>
			<key>sourceTree</key>
			<string>&lt;group&gt;</string>
		</dict>
		<key>2EEBC81D17538BE70039186C</key>
		<dict>
			<key>fileRef</key>
			<string>2EEBC81C17538BE70039186C</string>
			<key>isa</key>
			<string>PBXBuildFile</string>
		</dict>
		<key>2EEC698D173E8C21007200A4</key>
		<dict>
			<key>children</key>
			<array>
				<string>2EEC699F173E8C21007200A4</string>
				<string>2EEC6998173E8C21007200A4</string>
				<string>2EEC6997173E8C21007200A4</string>
				<string>45256BD26EEE4010AAA35385</string>
			</array>
			<key>isa</key>
			<string>PBXGroup</string>
			<key>sourceTree</key>
			<string>&lt;group&gt;</string>
		</dict>
		<key>2EEC698E173E8C21007200A4</key>
		<dict>
			<key>attributes</key>
			<dict>
				<key>LastUpgradeCheck</key>
				<string>0460</string>
				<key>ORGANIZATIONNAME</key>
				<string>Stanimir Nikolov</string>
			</dict>
			<key>buildConfigurationList</key>
			<string>2EEC6991173E8C21007200A4</string>
			<key>compatibilityVersion</key>
			<string>Xcode 3.2</string>
			<key>developmentRegion</key>
			<string>English</string>
			<key>hasScannedForEncodings</key>
			<string>0</string>
			<key>isa</key>
			<string>PBXProject</string>
			<key>knownRegions</key>
			<array>
				<string>en</string>
			</array>
			<key>mainGroup</key>
			<string>2EEC698D173E8C21007200A4</string>
			<key>productRefGroup</key>
			<string>2EEC6997173E8C21007200A4</string>
			<key>projectDirPath</key>
			<string></string>
			<key>projectReferences</key>
			<array/>
			<key>projectRoot</key>
			<string></string>
			<key>targets</key>
			<array>
				<string>2EEC6995173E8C21007200A4</string>
			</array>
		</dict>
		<key>2EEC6991173E8C21007200A4</key>
		<dict>
			<key>buildConfigurations</key>
			<array>
				<string>2EEC69B7173E8C21007200A4</string>
				<string>2EEC69B8173E8C21007200A4</string>
			</array>
			<key>defaultConfigurationIsVisible</key>
			<string>0</string>
			<key>defaultConfigurationName</key>
			<string>Release</string>
			<key>isa</key>
			<string>XCConfigurationList</string>
		</dict>
		<key>2EEC6992173E8C21007200A4</key>
		<dict>
			<key>buildActionMask</key>
			<string>2147483647</string>
			<key>files</key>
			<array>
				<string>2EEC69A6173E8C21007200A4</string>
				<string>2EEC69AA173E8C21007200A4</string>
				<string>2EA6D5CB17F712F300D5D358</string>
				<string>2EEC69B6173E8C21007200A4</string>
				<string>2EEC69C1173E8D89007200A4</string>
				<string>2EFAFA5E17F033C80006D9FE</string>
				<string>2EBECB53173EE05100C21E7B</string>
				<string>2EB27861173F969A00726890</string>
				<string>2EEBC81D17538BE70039186C</string>
				<string>2EA6D5CA17F712F300D5D358</string>
				<string>2E00559D1754C2AB0098A8DD</string>
			</array>
			<key>isa</key>
			<string>PBXSourcesBuildPhase</string>
			<key>runOnlyForDeploymentPostprocessing</key>
			<string>0</string>
		</dict>
		<key>2EEC6993173E8C21007200A4</key>
		<dict>
			<key>buildActionMask</key>
			<string>2147483647</string>
			<key>files</key>
			<array>
				<string>2E1992A817F75ECF00C1CD4B</string>
				<string>2E127F7217F0EE5900F2318E</string>
				<string>2E43963C173EA6CD0009C422</string>
				<string>2EEC699A173E8C21007200A4</string>
				<string>2EEC699C173E8C21007200A4</string>
				<string>2EEC699E173E8C21007200A4</string>
				<string>36252C4E642B4CE8B3FB29B7</string>
			</array>
			<key>isa</key>
			<string>PBXFrameworksBuildPhase</string>
			<key>runOnlyForDeploymentPostprocessing</key>
			<string>0</string>
		</dict>
		<key>2EEC6994173E8C21007200A4</key>
		<dict>
			<key>buildActionMask</key>
			<string>2147483647</string>
			<key>files</key>
			<array>
				<string>2EEC69A4173E8C21007200A4</string>
				<string>2EEC69B3173E8C21007200A4</string>
				<string>2EBECB50173EDC5700C21E7B</string>
				<string>2EB27863173F998400726890</string>
				<string>2E127F7017F0CC2B00F2318E</string>
				<string>2ED9D41A174C12F90088287B</string>
				<string>2ED9D41B174C12F90088287B</string>
				<string>2ED9D41F174C138F0088287B</string>
				<string>2ED9D420174C138F0088287B</string>
				<string>2E1992A617F74A3F00C1CD4B</string>
				<string>2ED9D424174C15340088287B</string>
				<string>2ED9D425174C15340088287B</string>
				<string>2ED9D428174C155E0088287B</string>
				<string>2ED9D429174C155E0088287B</string>
				<string>C745C6EF174FDFCB0087E704</string>
				<string>C745C6F0174FDFCB0087E704</string>
				<string>C768AF83175239EE000CD2EC</string>
				<string>C768AF861752425E000CD2EC</string>
				<string>C768AF871752425E000CD2EC</string>
				<string>C768AF8B175245BD000CD2EC</string>
				<string>C768AF8C175245BD000CD2EC</string>
			</array>
			<key>isa</key>
			<string>PBXResourcesBuildPhase</string>
			<key>runOnlyForDeploymentPostprocessing</key>
			<string>0</string>
		</dict>
		<key>2EEC6995173E8C21007200A4</key>
		<dict>
			<key>buildConfigurationList</key>
			<string>2EEC69B9173E8C21007200A4</string>
			<key>buildPhases</key>
			<array>
				<string>23520A08CCD44AC8B51517B1</string>
				<string>2EEC6992173E8C21007200A4</string>
				<string>2EEC6993173E8C21007200A4</string>
				<string>2EEC6994173E8C21007200A4</string>
				<string>A46B4C353E1540129245EDBB</string>
			</array>
			<key>buildRules</key>
			<array/>
			<key>dependencies</key>
			<array/>
			<key>isa</key>
			<string>PBXNativeTarget</string>
			<key>name</key>
			<string>DatingTips</string>
			<key>productName</key>
			<string>DatingTips</string>
			<key>productReference</key>
			<string>2EEC6996173E8C21007200A4</string>
			<key>productType</key>
			<string>com.apple.product-type.application</string>
		</dict>
		<key>2EEC6996173E8C21007200A4</key>
		<dict>
			<key>explicitFileType</key>
			<string>wrapper.application</string>
			<key>includeInIndex</key>
			<string>0</string>
			<key>isa</key>
			<string>PBXFileReference</string>
			<key>path</key>
			<string>DatingTips.app</string>
			<key>sourceTree</key>
			<string>BUILT_PRODUCTS_DIR</string>
		</dict>
		<key>2EEC6997173E8C21007200A4</key>
		<dict>
			<key>children</key>
			<array>
				<string>2EEC6996173E8C21007200A4</string>
			</array>
			<key>isa</key>
			<string>PBXGroup</string>
			<key>name</key>
			<string>Products</string>
			<key>sourceTree</key>
			<string>&lt;group&gt;</string>
		</dict>
		<key>2EEC6998173E8C21007200A4</key>
		<dict>
			<key>children</key>
			<array>
				<string>2E1992A717F75ECF00C1CD4B</string>
				<string>2E127F7117F0EE5900F2318E</string>
				<string>2E43963B173EA6CD0009C422</string>
				<string>2EEC6999173E8C21007200A4</string>
				<string>2EEC699B173E8C21007200A4</string>
				<string>2EEC699D173E8C21007200A4</string>
				<string>19EA3BF850C248449BC4E0B8</string>
			</array>
			<key>isa</key>
			<string>PBXGroup</string>
			<key>name</key>
			<string>Frameworks</string>
			<key>sourceTree</key>
			<string>&lt;group&gt;</string>
		</dict>
		<key>2EEC6999173E8C21007200A4</key>
		<dict>
			<key>isa</key>
			<string>PBXFileReference</string>
			<key>lastKnownFileType</key>
			<string>wrapper.framework</string>
			<key>name</key>
			<string>UIKit.framework</string>
			<key>path</key>
			<string>System/Library/Frameworks/UIKit.framework</string>
			<key>sourceTree</key>
			<string>SDKROOT</string>
		</dict>
		<key>2EEC699A173E8C21007200A4</key>
		<dict>
			<key>fileRef</key>
			<string>2EEC6999173E8C21007200A4</string>
			<key>isa</key>
			<string>PBXBuildFile</string>
		</dict>
		<key>2EEC699B173E8C21007200A4</key>
		<dict>
			<key>isa</key>
			<string>PBXFileReference</string>
			<key>lastKnownFileType</key>
			<string>wrapper.framework</string>
			<key>name</key>
			<string>Foundation.framework</string>
			<key>path</key>
			<string>System/Library/Frameworks/Foundation.framework</string>
			<key>sourceTree</key>
			<string>SDKROOT</string>
		</dict>
		<key>2EEC699C173E8C21007200A4</key>
		<dict>
			<key>fileRef</key>
			<string>2EEC699B173E8C21007200A4</string>
			<key>isa</key>
			<string>PBXBuildFile</string>
		</dict>
		<key>2EEC699D173E8C21007200A4</key>
		<dict>
			<key>isa</key>
			<string>PBXFileReference</string>
			<key>lastKnownFileType</key>
			<string>wrapper.framework</string>
			<key>name</key>
			<string>CoreGraphics.framework</string>
			<key>path</key>
			<string>System/Library/Frameworks/CoreGraphics.framework</string>
			<key>sourceTree</key>
			<string>SDKROOT</string>
		</dict>
		<key>2EEC699E173E8C21007200A4</key>
		<dict>
			<key>fileRef</key>
			<string>2EEC699D173E8C21007200A4</string>
			<key>isa</key>
			<string>PBXBuildFile</string>
		</dict>
		<key>2EEC699F173E8C21007200A4</key>
		<dict>
			<key>children</key>
			<array>
				<string>2EEC69A8173E8C21007200A4</string>
				<string>2EEC69A9173E8C21007200A4</string>
				<string>2EEC69BC173E8C60007200A4</string>
				<string>2EEC69BD173E8C68007200A4</string>
				<string>2EEC69BE173E8C6E007200A4</string>
				<string>2EEC69A0173E8C21007200A4</string>
			</array>
			<key>isa</key>
			<string>PBXGroup</string>
			<key>path</key>
			<string>DatingTips</string>
			<key>sourceTree</key>
			<string>&lt;group&gt;</string>
		</dict>
		<key>2EEC69A0173E8C21007200A4</key>
		<dict>
			<key>children</key>
			<array>
				<string>C768AF82175239EE000CD2EC</string>
				<string>2ED9D410174C0ED10088287B</string>
				<string>2EEC69A1173E8C21007200A4</string>
				<string>2EEC69A2173E8C21007200A4</string>
				<string>2EEC69A5173E8C21007200A4</string>
				<string>2EEC69A7173E8C21007200A4</string>
			</array>
			<key>isa</key>
			<string>PBXGroup</string>
			<key>name</key>
			<string>Supporting Files</string>
			<key>sourceTree</key>
			<string>&lt;group&gt;</string>
		</dict>
		<key>2EEC69A1173E8C21007200A4</key>
		<dict>
			<key>isa</key>
			<string>PBXFileReference</string>
			<key>lastKnownFileType</key>
			<string>text.plist.xml</string>
			<key>path</key>
			<string>DatingTips-Info.plist</string>
			<key>sourceTree</key>
			<string>&lt;group&gt;</string>
		</dict>
		<key>2EEC69A2173E8C21007200A4</key>
		<dict>
			<key>children</key>
			<array>
				<string>2EEC69A3173E8C21007200A4</string>
			</array>
			<key>isa</key>
			<string>PBXVariantGroup</string>
			<key>name</key>
			<string>InfoPlist.strings</string>
			<key>sourceTree</key>
			<string>&lt;group&gt;</string>
		</dict>
		<key>2EEC69A3173E8C21007200A4</key>
		<dict>
			<key>isa</key>
			<string>PBXFileReference</string>
			<key>lastKnownFileType</key>
			<string>text.plist.strings</string>
			<key>name</key>
			<string>en</string>
			<key>path</key>
			<string>en.lproj/InfoPlist.strings</string>
			<key>sourceTree</key>
			<string>&lt;group&gt;</string>
		</dict>
		<key>2EEC69A4173E8C21007200A4</key>
		<dict>
			<key>fileRef</key>
			<string>2EEC69A2173E8C21007200A4</string>
			<key>isa</key>
			<string>PBXBuildFile</string>
		</dict>
		<key>2EEC69A5173E8C21007200A4</key>
		<dict>
			<key>isa</key>
			<string>PBXFileReference</string>
			<key>lastKnownFileType</key>
			<string>sourcecode.c.objc</string>
			<key>path</key>
			<string>main.m</string>
			<key>sourceTree</key>
			<string>&lt;group&gt;</string>
		</dict>
		<key>2EEC69A6173E8C21007200A4</key>
		<dict>
			<key>fileRef</key>
			<string>2EEC69A5173E8C21007200A4</string>
			<key>isa</key>
			<string>PBXBuildFile</string>
		</dict>
		<key>2EEC69A7173E8C21007200A4</key>
		<dict>
			<key>isa</key>
			<string>PBXFileReference</string>
			<key>lastKnownFileType</key>
			<string>sourcecode.c.h</string>
			<key>path</key>
			<string>DatingTips-Prefix.pch</string>
			<key>sourceTree</key>
			<string>&lt;group&gt;</string>
		</dict>
		<key>2EEC69A8173E8C21007200A4</key>
		<dict>
			<key>isa</key>
			<string>PBXFileReference</string>
			<key>lastKnownFileType</key>
			<string>sourcecode.c.h</string>
			<key>path</key>
			<string>AppDelegate.h</string>
			<key>sourceTree</key>
			<string>&lt;group&gt;</string>
		</dict>
		<key>2EEC69A9173E8C21007200A4</key>
		<dict>
			<key>isa</key>
			<string>PBXFileReference</string>
			<key>lastKnownFileType</key>
			<string>sourcecode.c.objc</string>
			<key>path</key>
			<string>AppDelegate.m</string>
			<key>sourceTree</key>
			<string>&lt;group&gt;</string>
		</dict>
		<key>2EEC69AA173E8C21007200A4</key>
		<dict>
			<key>fileRef</key>
			<string>2EEC69A9173E8C21007200A4</string>
			<key>isa</key>
			<string>PBXBuildFile</string>
		</dict>
		<key>2EEC69B1173E8C21007200A4</key>
		<dict>
			<key>children</key>
			<array>
				<string>2EEC69B2173E8C21007200A4</string>
			</array>
			<key>isa</key>
			<string>PBXVariantGroup</string>
			<key>name</key>
			<string>MainStoryboard.storyboard</string>
			<key>sourceTree</key>
			<string>&lt;group&gt;</string>
		</dict>
		<key>2EEC69B2173E8C21007200A4</key>
		<dict>
			<key>isa</key>
			<string>PBXFileReference</string>
			<key>lastKnownFileType</key>
			<string>file.storyboard</string>
			<key>name</key>
			<string>en</string>
			<key>path</key>
			<string>en.lproj/MainStoryboard.storyboard</string>
			<key>sourceTree</key>
			<string>&lt;group&gt;</string>
		</dict>
		<key>2EEC69B3173E8C21007200A4</key>
		<dict>
			<key>fileRef</key>
			<string>2EEC69B1173E8C21007200A4</string>
			<key>isa</key>
			<string>PBXBuildFile</string>
		</dict>
		<key>2EEC69B4173E8C21007200A4</key>
		<dict>
			<key>isa</key>
			<string>PBXFileReference</string>
			<key>lastKnownFileType</key>
			<string>sourcecode.c.h</string>
			<key>path</key>
			<string>LoadingViewController.h</string>
			<key>sourceTree</key>
			<string>&lt;group&gt;</string>
		</dict>
		<key>2EEC69B5173E8C21007200A4</key>
		<dict>
			<key>isa</key>
			<string>PBXFileReference</string>
			<key>lastKnownFileType</key>
			<string>sourcecode.c.objc</string>
			<key>path</key>
			<string>LoadingViewController.m</string>
			<key>sourceTree</key>
			<string>&lt;group&gt;</string>
		</dict>
		<key>2EEC69B6173E8C21007200A4</key>
		<dict>
			<key>fileRef</key>
			<string>2EEC69B5173E8C21007200A4</string>
			<key>isa</key>
			<string>PBXBuildFile</string>
		</dict>
		<key>2EEC69B7173E8C21007200A4</key>
		<dict>
			<key>buildSettings</key>
			<dict>
				<key>ALWAYS_SEARCH_USER_PATHS</key>
				<string>NO</string>
				<key>CLANG_CXX_LANGUAGE_STANDARD</key>
				<string>gnu++0x</string>
				<key>CLANG_CXX_LIBRARY</key>
				<string>libc++</string>
				<key>CLANG_ENABLE_OBJC_ARC</key>
				<string>YES</string>
				<key>CLANG_WARN_CONSTANT_CONVERSION</key>
				<string>YES</string>
				<key>CLANG_WARN_EMPTY_BODY</key>
				<string>YES</string>
				<key>CLANG_WARN_ENUM_CONVERSION</key>
				<string>YES</string>
				<key>CLANG_WARN_INT_CONVERSION</key>
				<string>YES</string>
				<key>CLANG_WARN__DUPLICATE_METHOD_MATCH</key>
				<string>YES</string>
				<key>CODE_SIGN_IDENTITY[sdk=iphoneos*]</key>
				<string>iPhone Developer</string>
				<key>COPY_PHASE_STRIP</key>
				<string>NO</string>
				<key>GCC_C_LANGUAGE_STANDARD</key>
				<string>gnu99</string>
				<key>GCC_DYNAMIC_NO_PIC</key>
				<string>NO</string>
				<key>GCC_OPTIMIZATION_LEVEL</key>
				<string>0</string>
				<key>GCC_PREPROCESSOR_DEFINITIONS</key>
				<array>
					<string>DEBUG=1</string>
					<string>$(inherited)</string>
				</array>
				<key>GCC_SYMBOLS_PRIVATE_EXTERN</key>
				<string>NO</string>
				<key>GCC_WARN_ABOUT_RETURN_TYPE</key>
				<string>YES</string>
				<key>GCC_WARN_UNINITIALIZED_AUTOS</key>
				<string>YES</string>
				<key>GCC_WARN_UNUSED_VARIABLE</key>
				<string>YES</string>
				<key>IPHONEOS_DEPLOYMENT_TARGET</key>
				<string>6.1</string>
				<key>ONLY_ACTIVE_ARCH</key>
				<string>YES</string>
				<key>SDKROOT</key>
				<string>iphoneos</string>
			</dict>
			<key>isa</key>
			<string>XCBuildConfiguration</string>
			<key>name</key>
			<string>Debug</string>
		</dict>
		<key>2EEC69B8173E8C21007200A4</key>
		<dict>
			<key>buildSettings</key>
			<dict>
				<key>ALWAYS_SEARCH_USER_PATHS</key>
				<string>NO</string>
				<key>CLANG_CXX_LANGUAGE_STANDARD</key>
				<string>gnu++0x</string>
				<key>CLANG_CXX_LIBRARY</key>
				<string>libc++</string>
				<key>CLANG_ENABLE_OBJC_ARC</key>
				<string>YES</string>
				<key>CLANG_WARN_CONSTANT_CONVERSION</key>
				<string>YES</string>
				<key>CLANG_WARN_EMPTY_BODY</key>
				<string>YES</string>
				<key>CLANG_WARN_ENUM_CONVERSION</key>
				<string>YES</string>
				<key>CLANG_WARN_INT_CONVERSION</key>
				<string>YES</string>
				<key>CLANG_WARN__DUPLICATE_METHOD_MATCH</key>
				<string>YES</string>
				<key>CODE_SIGN_IDENTITY[sdk=iphoneos*]</key>
				<string>iPhone Developer</string>
				<key>COPY_PHASE_STRIP</key>
				<string>YES</string>
				<key>GCC_C_LANGUAGE_STANDARD</key>
				<string>gnu99</string>
				<key>GCC_WARN_ABOUT_RETURN_TYPE</key>
				<string>YES</string>
				<key>GCC_WARN_UNINITIALIZED_AUTOS</key>
				<string>YES</string>
				<key>GCC_WARN_UNUSED_VARIABLE</key>
				<string>YES</string>
				<key>IPHONEOS_DEPLOYMENT_TARGET</key>
				<string>6.1</string>
				<key>OTHER_CFLAGS</key>
				<string>-DNS_BLOCK_ASSERTIONS=1</string>
				<key>SDKROOT</key>
				<string>iphoneos</string>
				<key>VALIDATE_PRODUCT</key>
				<string>YES</string>
			</dict>
			<key>isa</key>
			<string>XCBuildConfiguration</string>
			<key>name</key>
			<string>Release</string>
		</dict>
		<key>2EEC69B9173E8C21007200A4</key>
		<dict>
			<key>buildConfigurations</key>
			<array>
				<string>2EEC69BA173E8C21007200A4</string>
				<string>2EEC69BB173E8C21007200A4</string>
			</array>
			<key>defaultConfigurationIsVisible</key>
			<string>0</string>
			<key>defaultConfigurationName</key>
			<string>Release</string>
			<key>isa</key>
			<string>XCConfigurationList</string>
		</dict>
		<key>2EEC69BA173E8C21007200A4</key>
		<dict>
			<key>baseConfigurationReference</key>
			<string>45256BD26EEE4010AAA35385</string>
			<key>buildSettings</key>
			<dict>
				<key>ASSETCATALOG_COMPILER_APPICON_NAME</key>
				<string>AppIcon</string>
				<key>ASSETCATALOG_COMPILER_LAUNCHIMAGE_NAME</key>
				<string>LaunchImage</string>
				<key>CODE_SIGN_IDENTITY</key>
				<string>iPhone Developer: Stanimir Nikolov (3W498KKCVT)</string>
				<key>CODE_SIGN_IDENTITY[sdk=iphoneos*]</key>
				<string>iPhone Developer: Stanimir Nikolov (3W498KKCVT)</string>
				<key>GCC_PRECOMPILE_PREFIX_HEADER</key>
				<string>YES</string>
				<key>GCC_PREFIX_HEADER</key>
				<string>DatingTips/DatingTips-Prefix.pch</string>
				<key>INFOPLIST_FILE</key>
				<string>DatingTips/DatingTips-Info.plist</string>
				<key>IPHONEOS_DEPLOYMENT_TARGET</key>
				<string>6.0</string>
				<key>PRODUCT_NAME</key>
				<string>$(TARGET_NAME)</string>
				<key>PROVISIONING_PROFILE</key>
				<string>997E8424-F74C-48FB-9AAE-E50F0F54203D</string>
				<key>PROVISIONING_PROFILE[sdk=iphoneos*]</key>
				<string>997E8424-F74C-48FB-9AAE-E50F0F54203D</string>
				<key>WRAPPER_EXTENSION</key>
				<string>app</string>
			</dict>
			<key>isa</key>
			<string>XCBuildConfiguration</string>
			<key>name</key>
			<string>Debug</string>
		</dict>
		<key>2EEC69BB173E8C21007200A4</key>
		<dict>
			<key>baseConfigurationReference</key>
			<string>45256BD26EEE4010AAA35385</string>
			<key>buildSettings</key>
			<dict>
				<key>ASSETCATALOG_COMPILER_APPICON_NAME</key>
				<string>AppIcon</string>
				<key>ASSETCATALOG_COMPILER_LAUNCHIMAGE_NAME</key>
				<string>LaunchImage</string>
				<key>CODE_SIGN_IDENTITY</key>
				<string>iPhone Developer: Stanimir Nikolov (3W498KKCVT)</string>
				<key>CODE_SIGN_IDENTITY[sdk=iphoneos*]</key>
				<string>iPhone Developer: Stanimir Nikolov (3W498KKCVT)</string>
				<key>GCC_PRECOMPILE_PREFIX_HEADER</key>
				<string>YES</string>
				<key>GCC_PREFIX_HEADER</key>
				<string>DatingTips/DatingTips-Prefix.pch</string>
				<key>INFOPLIST_FILE</key>
				<string>DatingTips/DatingTips-Info.plist</string>
				<key>IPHONEOS_DEPLOYMENT_TARGET</key>
				<string>6.0</string>
				<key>PRODUCT_NAME</key>
				<string>$(TARGET_NAME)</string>
				<key>PROVISIONING_PROFILE</key>
				<string>997E8424-F74C-48FB-9AAE-E50F0F54203D</string>
				<key>PROVISIONING_PROFILE[sdk=iphoneos*]</key>
				<string>997E8424-F74C-48FB-9AAE-E50F0F54203D</string>
				<key>WRAPPER_EXTENSION</key>
				<string>app</string>
			</dict>
			<key>isa</key>
			<string>XCBuildConfiguration</string>
			<key>name</key>
			<string>Release</string>
		</dict>
		<key>2EEC69BC173E8C60007200A4</key>
		<dict>
			<key>children</key>
			<array>
				<string>2EA6D5C517F712E100D5D358</string>
				<string>2EEBC81B17538BE70039186C</string>
				<string>2EEBC81C17538BE70039186C</string>
				<string>2E00559B1754C2AB0098A8DD</string>
				<string>2E00559C1754C2AB0098A8DD</string>
				<string>2E00559E1754C95D0098A8DD</string>
				<string>2E1992A517F74A3F00C1CD4B</string>
			</array>
			<key>isa</key>
			<string>PBXGroup</string>
			<key>name</key>
			<string>Model</string>
			<key>sourceTree</key>
			<string>&lt;group&gt;</string>
		</dict>
		<key>2EEC69BD173E8C68007200A4</key>
		<dict>
			<key>children</key>
			<array>
				<string>2EEC69B1173E8C21007200A4</string>
				<string>2E37E7151748C71A004FBEF0</string>
			</array>
			<key>isa</key>
			<string>PBXGroup</string>
			<key>name</key>
			<string>View</string>
			<key>sourceTree</key>
			<string>&lt;group&gt;</string>
		</dict>
		<key>2EEC69BE173E8C6E007200A4</key>
		<dict>
			<key>children</key>
			<array>
				<string>2EFAFA5C17F033C80006D9FE</string>
				<string>2EFAFA5D17F033C80006D9FE</string>
				<string>2EEC69B4173E8C21007200A4</string>
				<string>2EEC69B5173E8C21007200A4</string>
				<string>2EEC69BF173E8D89007200A4</string>
				<string>2EEC69C0173E8D89007200A4</string>
			</array>
			<key>isa</key>
			<string>PBXGroup</string>
			<key>name</key>
			<string>Controller</string>
			<key>sourceTree</key>
			<string>&lt;group&gt;</string>
		</dict>
		<key>2EEC69BF173E8D89007200A4</key>
		<dict>
			<key>fileEncoding</key>
			<string>4</string>
			<key>isa</key>
			<string>PBXFileReference</string>
			<key>lastKnownFileType</key>
			<string>sourcecode.c.h</string>
			<key>path</key>
			<string>HomeViewController.h</string>
			<key>sourceTree</key>
			<string>&lt;group&gt;</string>
		</dict>
		<key>2EEC69C0173E8D89007200A4</key>
		<dict>
			<key>fileEncoding</key>
			<string>4</string>
			<key>isa</key>
			<string>PBXFileReference</string>
			<key>lastKnownFileType</key>
			<string>sourcecode.c.objc</string>
			<key>path</key>
			<string>HomeViewController.m</string>
			<key>sourceTree</key>
			<string>&lt;group&gt;</string>
		</dict>
		<key>2EEC69C1173E8D89007200A4</key>
		<dict>
			<key>fileRef</key>
			<string>2EEC69C0173E8D89007200A4</string>
			<key>isa</key>
			<string>PBXBuildFile</string>
		</dict>
		<key>2EFAFA5C17F033C80006D9FE</key>
		<dict>
			<key>fileEncoding</key>
			<string>4</string>
			<key>isa</key>
			<string>PBXFileReference</string>
			<key>lastKnownFileType</key>
			<string>sourcecode.c.h</string>
			<key>path</key>
			<string>BannerViewController.h</string>
			<key>sourceTree</key>
			<string>&lt;group&gt;</string>
		</dict>
		<key>2EFAFA5D17F033C80006D9FE</key>
		<dict>
			<key>fileEncoding</key>
			<string>4</string>
			<key>isa</key>
			<string>PBXFileReference</string>
			<key>lastKnownFileType</key>
			<string>sourcecode.c.objc</string>
			<key>path</key>
			<string>BannerViewController.m</string>
			<key>sourceTree</key>
			<string>&lt;group&gt;</string>
		</dict>
		<key>2EFAFA5E17F033C80006D9FE</key>
		<dict>
			<key>fileRef</key>
			<string>2EFAFA5D17F033C80006D9FE</string>
			<key>isa</key>
			<string>PBXBuildFile</string>
		</dict>
		<key>36252C4E642B4CE8B3FB29B7</key>
		<dict>
			<key>fileRef</key>
			<string>19EA3BF850C248449BC4E0B8</string>
			<key>isa</key>
			<string>PBXBuildFile</string>
		</dict>
		<key>45256BD26EEE4010AAA35385</key>
		<dict>
			<key>includeInIndex</key>
			<string>1</string>
			<key>isa</key>
			<string>PBXFileReference</string>
			<key>lastKnownFileType</key>
			<string>text.xcconfig</string>
			<key>name</key>
			<string>Pods.xcconfig</string>
			<key>path</key>
			<string>Pods/Pods.xcconfig</string>
			<key>sourceTree</key>
			<string>&lt;group&gt;</string>
		</dict>
		<key>A46B4C353E1540129245EDBB</key>
		<dict>
			<key>buildActionMask</key>
			<string>2147483647</string>
			<key>files</key>
			<array/>
			<key>inputPaths</key>
			<array/>
			<key>isa</key>
			<string>PBXShellScriptBuildPhase</string>
			<key>name</key>
			<string>Copy Pods Resources</string>
			<key>outputPaths</key>
			<array/>
			<key>runOnlyForDeploymentPostprocessing</key>
			<string>0</string>
			<key>shellPath</key>
			<string>/bin/sh</string>
			<key>shellScript</key>
			<string>"${SRCROOT}/Pods/Pods-resources.sh"
</string>
			<key>showEnvVarsInLog</key>
			<string>0</string>
		</dict>
		<key>C745C6ED174FDFCB0087E704</key>
		<dict>
			<key>isa</key>
			<string>PBXFileReference</string>
			<key>lastKnownFileType</key>
			<string>image.png</string>
			<key>path</key>
			<string>container.png</string>
			<key>sourceTree</key>
			<string>&lt;group&gt;</string>
		</dict>
		<key>C745C6EE174FDFCB0087E704</key>
		<dict>
			<key>isa</key>
			<string>PBXFileReference</string>
			<key>lastKnownFileType</key>
			<string>image.png</string>
			<key>path</key>
			<string>container@2x.png</string>
			<key>sourceTree</key>
			<string>&lt;group&gt;</string>
		</dict>
		<key>C745C6EF174FDFCB0087E704</key>
		<dict>
			<key>fileRef</key>
			<string>C745C6ED174FDFCB0087E704</string>
			<key>isa</key>
			<string>PBXBuildFile</string>
		</dict>
		<key>C745C6F0174FDFCB0087E704</key>
		<dict>
			<key>fileRef</key>
			<string>C745C6EE174FDFCB0087E704</string>
			<key>isa</key>
			<string>PBXBuildFile</string>
		</dict>
		<key>C768AF82175239EE000CD2EC</key>
		<dict>
			<key>isa</key>
			<string>PBXFileReference</string>
			<key>lastKnownFileType</key>
			<string>file</string>
			<key>path</key>
			<string>Fishfingers.ttf</string>
			<key>sourceTree</key>
			<string>&lt;group&gt;</string>
		</dict>
		<key>C768AF83175239EE000CD2EC</key>
		<dict>
			<key>fileRef</key>
			<string>C768AF82175239EE000CD2EC</string>
			<key>isa</key>
			<string>PBXBuildFile</string>
		</dict>
		<key>C768AF841752425E000CD2EC</key>
		<dict>
			<key>isa</key>
			<string>PBXFileReference</string>
			<key>lastKnownFileType</key>
			<string>image.png</string>
			<key>path</key>
			<string>logo_icon.png</string>
			<key>sourceTree</key>
			<string>&lt;group&gt;</string>
		</dict>
		<key>C768AF851752425E000CD2EC</key>
		<dict>
			<key>isa</key>
			<string>PBXFileReference</string>
			<key>lastKnownFileType</key>
			<string>image.png</string>
			<key>path</key>
			<string>logo_icon@2x.png</string>
			<key>sourceTree</key>
			<string>&lt;group&gt;</string>
		</dict>
		<key>C768AF861752425E000CD2EC</key>
		<dict>
			<key>fileRef</key>
			<string>C768AF841752425E000CD2EC</string>
			<key>isa</key>
			<string>PBXBuildFile</string>
		</dict>
		<key>C768AF871752425E000CD2EC</key>
		<dict>
			<key>fileRef</key>
			<string>C768AF851752425E000CD2EC</string>
			<key>isa</key>
			<string>PBXBuildFile</string>
		</dict>
		<key>C768AF8817524272000CD2EC</key>
		<dict>
			<key>children</key>
			<array>
				<string>C768AF89175245BD000CD2EC</string>
				<string>C768AF8A175245BD000CD2EC</string>
				<string>C768AF841752425E000CD2EC</string>
				<string>C768AF851752425E000CD2EC</string>
				<string>C745C6ED174FDFCB0087E704</string>
				<string>C745C6EE174FDFCB0087E704</string>
			</array>
			<key>isa</key>
			<string>PBXGroup</string>
			<key>name</key>
			<string>Home Screan</string>
			<key>sourceTree</key>
			<string>&lt;group&gt;</string>
		</dict>
		<key>C768AF89175245BD000CD2EC</key>
		<dict>
			<key>isa</key>
			<string>PBXFileReference</string>
			<key>lastKnownFileType</key>
			<string>image.png</string>
			<key>path</key>
			<string>tick.png</string>
			<key>sourceTree</key>
			<string>&lt;group&gt;</string>
		</dict>
		<key>C768AF8A175245BD000CD2EC</key>
		<dict>
			<key>isa</key>
			<string>PBXFileReference</string>
			<key>lastKnownFileType</key>
			<string>image.png</string>
			<key>path</key>
			<string>tick@2x.png</string>
			<key>sourceTree</key>
			<string>&lt;group&gt;</string>
		</dict>
		<key>C768AF8B175245BD000CD2EC</key>
		<dict>
			<key>fileRef</key>
			<string>C768AF89175245BD000CD2EC</string>
			<key>isa</key>
			<string>PBXBuildFile</string>
		</dict>
		<key>C768AF8C175245BD000CD2EC</key>
		<dict>
			<key>fileRef</key>
			<string>C768AF8A175245BD000CD2EC</string>
			<key>isa</key>
			<string>PBXBuildFile</string>
		</dict>
	</dict>
	<key>rootObject</key>
	<string>2EEC698E173E8C21007200A4</string>
</dict>
</plist>
